
Microsoft Visual Studio Solution File, Format Version 12.00
# Visual Studio 15
VisualStudioVersion = 15.0.26403.7
MinimumVisualStudioVersion = 10.0.40219.1
Project("{FAE04EC0-301F-11D3-BF4B-00C04F79EFBC}") = "Math Operations", "Math Operations\Math Operations.csproj", "{5FED18F7-61B3-414F-AEC7-A451B0B42D9C}"
EndProject
Project("{FAE04EC0-301F-11D3-BF4B-00C04F79EFBC}") = "Animals", "Animals\Animals.csproj", "{CCD8B110-EF5F-46BB-B4F5-9F1BA7EBA306}"
EndProject
Project("{FAE04EC0-301F-11D3-BF4B-00C04F79EFBC}") = "Shapes", "Shapes\Shapes.csproj", "{2D287453-E52A-4AFA-85A2-5C79F67E7E48}"
EndProject
Global
	GlobalSection(SolutionConfigurationPlatforms) = preSolution
		Debug|Any CPU = Debug|Any CPU
		Release|Any CPU = Release|Any CPU
	EndGlobalSection
	GlobalSection(ProjectConfigurationPlatforms) = postSolution
		{5FED18F7-61B3-414F-AEC7-A451B0B42D9C}.Debug|Any CPU.ActiveCfg = Debug|Any CPU
		{5FED18F7-61B3-414F-AEC7-A451B0B42D9C}.Debug|Any CPU.Build.0 = Debug|Any CPU
		{5FED18F7-61B3-414F-AEC7-A451B0B42D9C}.Release|Any CPU.ActiveCfg = Release|Any CPU
		{5FED18F7-61B3-414F-AEC7-A451B0B42D9C}.Release|Any CPU.Build.0 = Release|Any CPU
		{CCD8B110-EF5F-46BB-B4F5-9F1BA7EBA306}.Debug|Any CPU.ActiveCfg = Debug|Any CPU
		{CCD8B110-EF5F-46BB-B4F5-9F1BA7EBA306}.Debug|Any CPU.Build.0 = Debug|Any CPU
		{CCD8B110-EF5F-46BB-B4F5-9F1BA7EBA306}.Release|Any CPU.ActiveCfg = Release|Any CPU
		{CCD8B110-EF5F-46BB-B4F5-9F1BA7EBA306}.Release|Any CPU.Build.0 = Release|Any CPU
		{2D287453-E52A-4AFA-85A2-5C79F67E7E48}.Debug|Any CPU.ActiveCfg = Debug|Any CPU
		{2D287453-E52A-4AFA-85A2-5C79F67E7E48}.Debug|Any CPU.Build.0 = Debug|Any CPU
		{2D287453-E52A-4AFA-85A2-5C79F67E7E48}.Release|Any CPU.ActiveCfg = Release|Any CPU
		{2D287453-E52A-4AFA-85A2-5C79F67E7E48}.Release|Any CPU.Build.0 = Release|Any CPU
	EndGlobalSection
	GlobalSection(SolutionProperties) = preSolution
		HideSolutionNode = FALSE
	EndGlobalSection
EndGlobal
