
Microsoft Visual Studio Solution File, Format Version 12.00
# Visual Studio 15
VisualStudioVersion = 15.0.26403.7
MinimumVisualStudioVersion = 10.0.40219.1
Project("{FAE04EC0-301F-11D3-BF4B-00C04F79EFBC}") = "01. Single Inheritance", "01. Single Inheritance\01. Single Inheritance.csproj", "{1908DAF5-6A5A-4AB2-BE92-E8F16EB3A8F6}"
EndProject
Project("{FAE04EC0-301F-11D3-BF4B-00C04F79EFBC}") = "04. Random List", "04. Random List\04. Random List.csproj", "{DD22C82C-C799-4564-87B7-53451D906538}"
EndProject
Project("{FAE04EC0-301F-11D3-BF4B-00C04F79EFBC}") = "05. Stack of Strings", "05. Stack of Strings\05. Stack of Strings.csproj", "{0BD0C701-9363-4CB4-870E-5FA4C9CE9ADF}"
EndProject
Global
	GlobalSection(SolutionConfigurationPlatforms) = preSolution
		Debug|Any CPU = Debug|Any CPU
		Release|Any CPU = Release|Any CPU
	EndGlobalSection
	GlobalSection(ProjectConfigurationPlatforms) = postSolution
		{1908DAF5-6A5A-4AB2-BE92-E8F16EB3A8F6}.Debug|Any CPU.ActiveCfg = Debug|Any CPU
		{1908DAF5-6A5A-4AB2-BE92-E8F16EB3A8F6}.Debug|Any CPU.Build.0 = Debug|Any CPU
		{1908DAF5-6A5A-4AB2-BE92-E8F16EB3A8F6}.Release|Any CPU.ActiveCfg = Release|Any CPU
		{1908DAF5-6A5A-4AB2-BE92-E8F16EB3A8F6}.Release|Any CPU.Build.0 = Release|Any CPU
		{DD22C82C-C799-4564-87B7-53451D906538}.Debug|Any CPU.ActiveCfg = Debug|Any CPU
		{DD22C82C-C799-4564-87B7-53451D906538}.Debug|Any CPU.Build.0 = Debug|Any CPU
		{DD22C82C-C799-4564-87B7-53451D906538}.Release|Any CPU.ActiveCfg = Release|Any CPU
		{DD22C82C-C799-4564-87B7-53451D906538}.Release|Any CPU.Build.0 = Release|Any CPU
		{0BD0C701-9363-4CB4-870E-5FA4C9CE9ADF}.Debug|Any CPU.ActiveCfg = Debug|Any CPU
		{0BD0C701-9363-4CB4-870E-5FA4C9CE9ADF}.Debug|Any CPU.Build.0 = Debug|Any CPU
		{0BD0C701-9363-4CB4-870E-5FA4C9CE9ADF}.Release|Any CPU.ActiveCfg = Release|Any CPU
		{0BD0C701-9363-4CB4-870E-5FA4C9CE9ADF}.Release|Any CPU.Build.0 = Release|Any CPU
	EndGlobalSection
	GlobalSection(SolutionProperties) = preSolution
		HideSolutionNode = FALSE
	EndGlobalSection
EndGlobal
