
Microsoft Visual Studio Solution File, Format Version 12.00
# Visual Studio 15
VisualStudioVersion = 15.0.26403.7
MinimumVisualStudioVersion = 10.0.40219.1
Project("{FAE04EC0-301F-11D3-BF4B-00C04F79EFBC}") = "01. Vehicles", "01. Vehicles\01. Vehicles.csproj", "{E987C9C0-4155-43C3-815A-8F19E1968EE2}"
EndProject
Project("{FAE04EC0-301F-11D3-BF4B-00C04F79EFBC}") = "03. Wild farm", "03. Wild farm\03. Wild farm.csproj", "{4A5B2BC3-9F91-4399-A0BE-4567598FC3A9}"
EndProject
Global
	GlobalSection(SolutionConfigurationPlatforms) = preSolution
		Debug|Any CPU = Debug|Any CPU
		Release|Any CPU = Release|Any CPU
	EndGlobalSection
	GlobalSection(ProjectConfigurationPlatforms) = postSolution
		{E987C9C0-4155-43C3-815A-8F19E1968EE2}.Debug|Any CPU.ActiveCfg = Debug|Any CPU
		{E987C9C0-4155-43C3-815A-8F19E1968EE2}.Debug|Any CPU.Build.0 = Debug|Any CPU
		{E987C9C0-4155-43C3-815A-8F19E1968EE2}.Release|Any CPU.ActiveCfg = Release|Any CPU
		{E987C9C0-4155-43C3-815A-8F19E1968EE2}.Release|Any CPU.Build.0 = Release|Any CPU
		{4A5B2BC3-9F91-4399-A0BE-4567598FC3A9}.Debug|Any CPU.ActiveCfg = Debug|Any CPU
		{4A5B2BC3-9F91-4399-A0BE-4567598FC3A9}.Debug|Any CPU.Build.0 = Debug|Any CPU
		{4A5B2BC3-9F91-4399-A0BE-4567598FC3A9}.Release|Any CPU.ActiveCfg = Release|Any CPU
		{4A5B2BC3-9F91-4399-A0BE-4567598FC3A9}.Release|Any CPU.Build.0 = Release|Any CPU
	EndGlobalSection
	GlobalSection(SolutionProperties) = preSolution
		HideSolutionNode = FALSE
	EndGlobalSection
EndGlobal
