
Microsoft Visual Studio Solution File, Format Version 12.00
# Visual Studio 15
VisualStudioVersion = 15.0.26403.7
MinimumVisualStudioVersion = 10.0.40219.1
Project("{FAE04EC0-301F-11D3-BF4B-00C04F79EFBC}") = "01. Class Box", "01. Class Box\01. Class Box.csproj", "{C9584D25-44CC-4FFA-822B-2012A464725B}"
EndProject
Project("{FAE04EC0-301F-11D3-BF4B-00C04F79EFBC}") = "AnimalFarm", "AnimalFarm\AnimalFarm.csproj", "{32AEC171-3440-43ED-822B-E7F89C5A8651}"
EndProject
Project("{FAE04EC0-301F-11D3-BF4B-00C04F79EFBC}") = "04. Shopping Spree", "04. Shopping Spree\04. Shopping Spree.csproj", "{AC3F391E-930A-4CBA-8C8C-64BAC5637044}"
EndProject
Project("{FAE04EC0-301F-11D3-BF4B-00C04F79EFBC}") = "05. Pizza Calories", "05. Pizza Calories\05. Pizza Calories.csproj", "{230BECA6-D709-423B-9620-56D5B5F9256D}"
EndProject
Project("{FAE04EC0-301F-11D3-BF4B-00C04F79EFBC}") = "06. Football Team Generator", "06. Football Team Generator\06. Football Team Generator.csproj", "{7551F697-37E7-495C-A33F-CB98DFFEA920}"
EndProject
Global
	GlobalSection(SolutionConfigurationPlatforms) = preSolution
		Debug|Any CPU = Debug|Any CPU
		Release|Any CPU = Release|Any CPU
	EndGlobalSection
	GlobalSection(ProjectConfigurationPlatforms) = postSolution
		{C9584D25-44CC-4FFA-822B-2012A464725B}.Debug|Any CPU.ActiveCfg = Debug|Any CPU
		{C9584D25-44CC-4FFA-822B-2012A464725B}.Debug|Any CPU.Build.0 = Debug|Any CPU
		{C9584D25-44CC-4FFA-822B-2012A464725B}.Release|Any CPU.ActiveCfg = Release|Any CPU
		{C9584D25-44CC-4FFA-822B-2012A464725B}.Release|Any CPU.Build.0 = Release|Any CPU
		{32AEC171-3440-43ED-822B-E7F89C5A8651}.Debug|Any CPU.ActiveCfg = Debug|Any CPU
		{32AEC171-3440-43ED-822B-E7F89C5A8651}.Debug|Any CPU.Build.0 = Debug|Any CPU
		{32AEC171-3440-43ED-822B-E7F89C5A8651}.Release|Any CPU.ActiveCfg = Release|Any CPU
		{32AEC171-3440-43ED-822B-E7F89C5A8651}.Release|Any CPU.Build.0 = Release|Any CPU
		{AC3F391E-930A-4CBA-8C8C-64BAC5637044}.Debug|Any CPU.ActiveCfg = Debug|Any CPU
		{AC3F391E-930A-4CBA-8C8C-64BAC5637044}.Debug|Any CPU.Build.0 = Debug|Any CPU
		{AC3F391E-930A-4CBA-8C8C-64BAC5637044}.Release|Any CPU.ActiveCfg = Release|Any CPU
		{AC3F391E-930A-4CBA-8C8C-64BAC5637044}.Release|Any CPU.Build.0 = Release|Any CPU
		{230BECA6-D709-423B-9620-56D5B5F9256D}.Debug|Any CPU.ActiveCfg = Debug|Any CPU
		{230BECA6-D709-423B-9620-56D5B5F9256D}.Debug|Any CPU.Build.0 = Debug|Any CPU
		{230BECA6-D709-423B-9620-56D5B5F9256D}.Release|Any CPU.ActiveCfg = Release|Any CPU
		{230BECA6-D709-423B-9620-56D5B5F9256D}.Release|Any CPU.Build.0 = Release|Any CPU
		{7551F697-37E7-495C-A33F-CB98DFFEA920}.Debug|Any CPU.ActiveCfg = Debug|Any CPU
		{7551F697-37E7-495C-A33F-CB98DFFEA920}.Debug|Any CPU.Build.0 = Debug|Any CPU
		{7551F697-37E7-495C-A33F-CB98DFFEA920}.Release|Any CPU.ActiveCfg = Release|Any CPU
		{7551F697-37E7-495C-A33F-CB98DFFEA920}.Release|Any CPU.Build.0 = Release|Any CPU
	EndGlobalSection
	GlobalSection(SolutionProperties) = preSolution
		HideSolutionNode = FALSE
	EndGlobalSection
EndGlobal
